
Microsoft Visual Studio Solution File, Format Version 12.00
# Visual Studio Version 17
VisualStudioVersion = 17.0.31903.59
MinimumVisualStudioVersion = 10.0.40219.1
Project("{2150E333-8FDC-42A3-9474-1A3956D46DE8}") = "src", "src", "{827E0CD3-B72D-47B6-A68D-7590B98EB39B}"
EndProject
Project("{FAE04EC0-301F-11D3-BF4B-00C04F79EFBC}") = "CryptoSmithX.Database", "src\CryptoSmithX.Database\CryptoSmithX.Database.csproj", "{CC3B88AF-E3D8-4512-B0CE-E2061371B76D}"
EndProject
Project("{FAE04EC0-301F-11D3-BF4B-00C04F79EFBC}") = "CryptoSmithX.MarketData.Connectors", "src\CryptoSmithX.MarketData.Connectors\CryptoSmithX.MarketData.Connectors.csproj", "{9C11CA23-C760-49F0-8F6A-69EDB4579DAC}"
EndProject
Project("{FAE04EC0-301F-11D3-BF4B-00C04F79EFBC}") = "CryptoSmithX.MarketData.Hub", "src\CryptoSmithX.MarketData.Hub\CryptoSmithX.MarketData.Hub.csproj", "{8999F4A8-9E0F-43EA-833C-9F5377E1EC9D}"
EndProject
Project("{FAE04EC0-301F-11D3-BF4B-00C04F79EFBC}") = "CryptoSmithX.MarketData.Api", "src\CryptoSmithX.MarketData.Api\CryptoSmithX.MarketData.Api.csproj", "{B9FFBD1A-F5B8-403D-A663-DD70764026CF}"
EndProject
Project("{2150E333-8FDC-42A3-9474-1A3956D46DE8}") = "tests", "tests", "{0AB3BF05-4346-4AA6-1389-037BE0695223}"
EndProject
Project("{FAE04EC0-301F-11D3-BF4B-00C04F79EFBC}") = "CryptoSmithX.MarketData.Connectors.Tests", "tests\CryptoSmithX.MarketData.Connectors.Tests\CryptoSmithX.MarketData.Connectors.Tests.csproj", "{2420A344-97FF-4A9B-A4CC-099FC6CD6BE3}"
EndProject
Project("{FAE04EC0-301F-11D3-BF4B-00C04F79EFBC}") = "CryptoSmithX.MarketData.Hub.Tests", "tests\CryptoSmithX.MarketData.Hub.Tests\CryptoSmithX.MarketData.Hub.Tests.csproj", "{CA828AAA-C439-4318-AC9B-C1E99709273E}"
EndProject
Project("{FAE04EC0-301F-11D3-BF4B-00C04F79EFBC}") = "CryptoSmithX.WebApp.Admin", "src\CryptoSmithX.WebApp.Admin\CryptoSmithX.WebApp.Admin.csproj", "{E9B76D47-A6A7-4DE5-999C-2F46B4C7E3CF}"
EndProject
Project("{FAE04EC0-301F-11D3-BF4B-00C04F79EFBC}") = "CryptoSmithX.WebApp.Admin.Tests", "tests\CryptoSmithX.WebApp.Admin.Tests\CryptoSmithX.WebApp.Admin.Tests.csproj", "{40924494-25B6-4A2A-BEDF-1F5C9BE9FF65}"
EndProject
Project("{FAE04EC0-301F-11D3-BF4B-00C04F79EFBC}") = "CryptoSmithX.Studio", "src\CryptoSmithX.Studio\CryptoSmithX.Studio.csproj", "{4FEE7AE4-0F39-4127-BBF7-E6509E409052}"
EndProject
Project("{FAE04EC0-301F-11D3-BF4B-00C04F79EFBC}") = "CryptoSmithX.Studio.Tests", "tests\CryptoSmithX.Studio.Tests\CryptoSmithX.Studio.Tests.csproj", "{7C2A1E5B-3D64-4F98-9A0C-51B7E4D8C620}"
EndProject
Global
	GlobalSection(SolutionConfigurationPlatforms) = preSolution
		Debug|Any CPU = Debug|Any CPU
		Debug|x64 = Debug|x64
		Debug|x86 = Debug|x86
		Release|Any CPU = Release|Any CPU
		Release|x64 = Release|x64
		Release|x86 = Release|x86
	EndGlobalSection
	GlobalSection(ProjectConfigurationPlatforms) = postSolution
		{CC3B88AF-E3D8-4512-B0CE-E2061371B76D}.Debug|Any CPU.ActiveCfg = Debug|Any CPU
		{CC3B88AF-E3D8-4512-B0CE-E2061371B76D}.Debug|Any CPU.Build.0 = Debug|Any CPU
		{CC3B88AF-E3D8-4512-B0CE-E2061371B76D}.Debug|x64.ActiveCfg = Debug|Any CPU
		{CC3B88AF-E3D8-4512-B0CE-E2061371B76D}.Debug|x64.Build.0 = Debug|Any CPU
		{CC3B88AF-E3D8-4512-B0CE-E2061371B76D}.Debug|x86.ActiveCfg = Debug|Any CPU
		{CC3B88AF-E3D8-4512-B0CE-E2061371B76D}.Debug|x86.Build.0 = Debug|Any CPU
		{CC3B88AF-E3D8-4512-B0CE-E2061371B76D}.Release|Any CPU.ActiveCfg = Release|Any CPU
		{CC3B88AF-E3D8-4512-B0CE-E2061371B76D}.Release|Any CPU.Build.0 = Release|Any CPU
		{CC3B88AF-E3D8-4512-B0CE-E2061371B76D}.Release|x64.ActiveCfg = Release|Any CPU
		{CC3B88AF-E3D8-4512-B0CE-E2061371B76D}.Release|x64.Build.0 = Release|Any CPU
		{CC3B88AF-E3D8-4512-B0CE-E2061371B76D}.Release|x86.ActiveCfg = Release|Any CPU
		{CC3B88AF-E3D8-4512-B0CE-E2061371B76D}.Release|x86.Build.0 = Release|Any CPU
		{9C11CA23-C760-49F0-8F6A-69EDB4579DAC}.Debug|Any CPU.ActiveCfg = Debug|Any CPU
		{9C11CA23-C760-49F0-8F6A-69EDB4579DAC}.Debug|Any CPU.Build.0 = Debug|Any CPU
		{9C11CA23-C760-49F0-8F6A-69EDB4579DAC}.Debug|x64.ActiveCfg = Debug|Any CPU
		{9C11CA23-C760-49F0-8F6A-69EDB4579DAC}.Debug|x64.Build.0 = Debug|Any CPU
		{9C11CA23-C760-49F0-8F6A-69EDB4579DAC}.Debug|x86.ActiveCfg = Debug|Any CPU
		{9C11CA23-C760-49F0-8F6A-69EDB4579DAC}.Debug|x86.Build.0 = Debug|Any CPU
		{9C11CA23-C760-49F0-8F6A-69EDB4579DAC}.Release|Any CPU.ActiveCfg = Release|Any CPU
		{9C11CA23-C760-49F0-8F6A-69EDB4579DAC}.Release|Any CPU.Build.0 = Release|Any CPU
		{9C11CA23-C760-49F0-8F6A-69EDB4579DAC}.Release|x64.ActiveCfg = Release|Any CPU
		{9C11CA23-C760-49F0-8F6A-69EDB4579DAC}.Release|x64.Build.0 = Release|Any CPU
		{9C11CA23-C760-49F0-8F6A-69EDB4579DAC}.Release|x86.ActiveCfg = Release|Any CPU
		{9C11CA23-C760-49F0-8F6A-69EDB4579DAC}.Release|x86.Build.0 = Release|Any CPU
		{8999F4A8-9E0F-43EA-833C-9F5377E1EC9D}.Debug|Any CPU.ActiveCfg = Debug|Any CPU
		{8999F4A8-9E0F-43EA-833C-9F5377E1EC9D}.Debug|Any CPU.Build.0 = Debug|Any CPU
		{8999F4A8-9E0F-43EA-833C-9F5377E1EC9D}.Debug|x64.ActiveCfg = Debug|Any CPU
		{8999F4A8-9E0F-43EA-833C-9F5377E1EC9D}.Debug|x64.Build.0 = Debug|Any CPU
		{8999F4A8-9E0F-43EA-833C-9F5377E1EC9D}.Debug|x86.ActiveCfg = Debug|Any CPU
		{8999F4A8-9E0F-43EA-833C-9F5377E1EC9D}.Debug|x86.Build.0 = Debug|Any CPU
		{8999F4A8-9E0F-43EA-833C-9F5377E1EC9D}.Release|Any CPU.ActiveCfg = Release|Any CPU
		{8999F4A8-9E0F-43EA-833C-9F5377E1EC9D}.Release|Any CPU.Build.0 = Release|Any CPU
		{8999F4A8-9E0F-43EA-833C-9F5377E1EC9D}.Release|x64.ActiveCfg = Release|Any CPU
		{8999F4A8-9E0F-43EA-833C-9F5377E1EC9D}.Release|x64.Build.0 = Release|Any CPU
		{8999F4A8-9E0F-43EA-833C-9F5377E1EC9D}.Release|x86.ActiveCfg = Release|Any CPU
		{8999F4A8-9E0F-43EA-833C-9F5377E1EC9D}.Release|x86.Build.0 = Release|Any CPU
		{B9FFBD1A-F5B8-403D-A663-DD70764026CF}.Debug|Any CPU.ActiveCfg = Debug|Any CPU
		{B9FFBD1A-F5B8-403D-A663-DD70764026CF}.Debug|Any CPU.Build.0 = Debug|Any CPU
		{B9FFBD1A-F5B8-403D-A663-DD70764026CF}.Debug|x64.ActiveCfg = Debug|Any CPU
		{B9FFBD1A-F5B8-403D-A663-DD70764026CF}.Debug|x64.Build.0 = Debug|Any CPU
		{B9FFBD1A-F5B8-403D-A663-DD70764026CF}.Debug|x86.ActiveCfg = Debug|Any CPU
		{B9FFBD1A-F5B8-403D-A663-DD70764026CF}.Debug|x86.Build.0 = Debug|Any CPU
		{B9FFBD1A-F5B8-403D-A663-DD70764026CF}.Release|Any CPU.ActiveCfg = Release|Any CPU
		{B9FFBD1A-F5B8-403D-A663-DD70764026CF}.Release|Any CPU.Build.0 = Release|Any CPU
		{B9FFBD1A-F5B8-403D-A663-DD70764026CF}.Release|x64.ActiveCfg = Release|Any CPU
		{B9FFBD1A-F5B8-403D-A663-DD70764026CF}.Release|x64.Build.0 = Release|Any CPU
		{B9FFBD1A-F5B8-403D-A663-DD70764026CF}.Release|x86.ActiveCfg = Release|Any CPU
		{B9FFBD1A-F5B8-403D-A663-DD70764026CF}.Release|x86.Build.0 = Release|Any CPU
		{2420A344-97FF-4A9B-A4CC-099FC6CD6BE3}.Debug|Any CPU.ActiveCfg = Debug|Any CPU
		{2420A344-97FF-4A9B-A4CC-099FC6CD6BE3}.Debug|Any CPU.Build.0 = Debug|Any CPU
		{2420A344-97FF-4A9B-A4CC-099FC6CD6BE3}.Debug|x64.ActiveCfg = Debug|Any CPU
		{2420A344-97FF-4A9B-A4CC-099FC6CD6BE3}.Debug|x64.Build.0 = Debug|Any CPU
		{2420A344-97FF-4A9B-A4CC-099FC6CD6BE3}.Debug|x86.ActiveCfg = Debug|Any CPU
		{2420A344-97FF-4A9B-A4CC-099FC6CD6BE3}.Debug|x86.Build.0 = Debug|Any CPU
		{2420A344-97FF-4A9B-A4CC-099FC6CD6BE3}.Release|Any CPU.ActiveCfg = Release|Any CPU
		{2420A344-97FF-4A9B-A4CC-099FC6CD6BE3}.Release|Any CPU.Build.0 = Release|Any CPU
		{2420A344-97FF-4A9B-A4CC-099FC6CD6BE3}.Release|x64.ActiveCfg = Release|Any CPU
		{2420A344-97FF-4A9B-A4CC-099FC6CD6BE3}.Release|x64.Build.0 = Release|Any CPU
		{2420A344-97FF-4A9B-A4CC-099FC6CD6BE3}.Release|x86.ActiveCfg = Release|Any CPU
		{2420A344-97FF-4A9B-A4CC-099FC6CD6BE3}.Release|x86.Build.0 = Release|Any CPU
		{CA828AAA-C439-4318-AC9B-C1E99709273E}.Debug|Any CPU.ActiveCfg = Debug|Any CPU
		{CA828AAA-C439-4318-AC9B-C1E99709273E}.Debug|Any CPU.Build.0 = Debug|Any CPU
		{CA828AAA-C439-4318-AC9B-C1E99709273E}.Debug|x64.ActiveCfg = Debug|Any CPU
		{CA828AAA-C439-4318-AC9B-C1E99709273E}.Debug|x64.Build.0 = Debug|Any CPU
		{CA828AAA-C439-4318-AC9B-C1E99709273E}.Debug|x86.ActiveCfg = Debug|Any CPU
		{CA828AAA-C439-4318-AC9B-C1E99709273E}.Debug|x86.Build.0 = Debug|Any CPU
		{CA828AAA-C439-4318-AC9B-C1E99709273E}.Release|Any CPU.ActiveCfg = Release|Any CPU
		{CA828AAA-C439-4318-AC9B-C1E99709273E}.Release|Any CPU.Build.0 = Release|Any CPU
		{CA828AAA-C439-4318-AC9B-C1E99709273E}.Release|x64.ActiveCfg = Release|Any CPU
		{CA828AAA-C439-4318-AC9B-C1E99709273E}.Release|x64.Build.0 = Release|Any CPU
		{CA828AAA-C439-4318-AC9B-C1E99709273E}.Release|x86.ActiveCfg = Release|Any CPU
		{CA828AAA-C439-4318-AC9B-C1E99709273E}.Release|x86.Build.0 = Release|Any CPU
		{E9B76D47-A6A7-4DE5-999C-2F46B4C7E3CF}.Debug|Any CPU.ActiveCfg = Debug|Any CPU
		{E9B76D47-A6A7-4DE5-999C-2F46B4C7E3CF}.Debug|Any CPU.Build.0 = Debug|Any CPU
		{E9B76D47-A6A7-4DE5-999C-2F46B4C7E3CF}.Debug|x64.ActiveCfg = Debug|Any CPU
		{E9B76D47-A6A7-4DE5-999C-2F46B4C7E3CF}.Debug|x64.Build.0 = Debug|Any CPU
		{E9B76D47-A6A7-4DE5-999C-2F46B4C7E3CF}.Debug|x86.ActiveCfg = Debug|Any CPU
		{E9B76D47-A6A7-4DE5-999C-2F46B4C7E3CF}.Debug|x86.Build.0 = Debug|Any CPU
		{E9B76D47-A6A7-4DE5-999C-2F46B4C7E3CF}.Release|Any CPU.ActiveCfg = Release|Any CPU
		{E9B76D47-A6A7-4DE5-999C-2F46B4C7E3CF}.Release|Any CPU.Build.0 = Release|Any CPU
		{E9B76D47-A6A7-4DE5-999C-2F46B4C7E3CF}.Release|x64.ActiveCfg = Release|Any CPU
		{E9B76D47-A6A7-4DE5-999C-2F46B4C7E3CF}.Release|x64.Build.0 = Release|Any CPU
		{E9B76D47-A6A7-4DE5-999C-2F46B4C7E3CF}.Release|x86.ActiveCfg = Release|Any CPU
		{E9B76D47-A6A7-4DE5-999C-2F46B4C7E3CF}.Release|x86.Build.0 = Release|Any CPU
		{40924494-25B6-4A2A-BEDF-1F5C9BE9FF65}.Debug|Any CPU.ActiveCfg = Debug|Any CPU
		{40924494-25B6-4A2A-BEDF-1F5C9BE9FF65}.Debug|Any CPU.Build.0 = Debug|Any CPU
		{40924494-25B6-4A2A-BEDF-1F5C9BE9FF65}.Debug|x64.ActiveCfg = Debug|Any CPU
		{40924494-25B6-4A2A-BEDF-1F5C9BE9FF65}.Debug|x64.Build.0 = Debug|Any CPU
		{40924494-25B6-4A2A-BEDF-1F5C9BE9FF65}.Debug|x86.ActiveCfg = Debug|Any CPU
		{40924494-25B6-4A2A-BEDF-1F5C9BE9FF65}.Debug|x86.Build.0 = Debug|Any CPU
		{40924494-25B6-4A2A-BEDF-1F5C9BE9FF65}.Release|Any CPU.ActiveCfg = Release|Any CPU
		{40924494-25B6-4A2A-BEDF-1F5C9BE9FF65}.Release|Any CPU.Build.0 = Release|Any CPU
		{40924494-25B6-4A2A-BEDF-1F5C9BE9FF65}.Release|x64.ActiveCfg = Release|Any CPU
		{40924494-25B6-4A2A-BEDF-1F5C9BE9FF65}.Release|x64.Build.0 = Release|Any CPU
		{40924494-25B6-4A2A-BEDF-1F5C9BE9FF65}.Release|x86.ActiveCfg = Release|Any CPU
		{40924494-25B6-4A2A-BEDF-1F5C9BE9FF65}.Release|x86.Build.0 = Release|Any CPU
		{4FEE7AE4-0F39-4127-BBF7-E6509E409052}.Debug|Any CPU.ActiveCfg = Debug|Any CPU
		{4FEE7AE4-0F39-4127-BBF7-E6509E409052}.Debug|Any CPU.Build.0 = Debug|Any CPU
		{4FEE7AE4-0F39-4127-BBF7-E6509E409052}.Debug|x64.ActiveCfg = Debug|Any CPU
		{4FEE7AE4-0F39-4127-BBF7-E6509E409052}.Debug|x64.Build.0 = Debug|Any CPU
		{4FEE7AE4-0F39-4127-BBF7-E6509E409052}.Debug|x86.ActiveCfg = Debug|Any CPU
		{4FEE7AE4-0F39-4127-BBF7-E6509E409052}.Debug|x86.Build.0 = Debug|Any CPU
		{4FEE7AE4-0F39-4127-BBF7-E6509E409052}.Release|Any CPU.ActiveCfg = Release|Any CPU
		{4FEE7AE4-0F39-4127-BBF7-E6509E409052}.Release|Any CPU.Build.0 = Release|Any CPU
		{4FEE7AE4-0F39-4127-BBF7-E6509E409052}.Release|x64.ActiveCfg = Release|Any CPU
		{4FEE7AE4-0F39-4127-BBF7-E6509E409052}.Release|x64.Build.0 = Release|Any CPU
		{4FEE7AE4-0F39-4127-BBF7-E6509E409052}.Release|x86.ActiveCfg = Release|Any CPU
		{4FEE7AE4-0F39-4127-BBF7-E6509E409052}.Release|x86.Build.0 = Release|Any CPU
		{7C2A1E5B-3D64-4F98-9A0C-51B7E4D8C620}.Debug|Any CPU.ActiveCfg = Debug|Any CPU
		{7C2A1E5B-3D64-4F98-9A0C-51B7E4D8C620}.Debug|Any CPU.Build.0 = Debug|Any CPU
		{7C2A1E5B-3D64-4F98-9A0C-51B7E4D8C620}.Debug|x64.ActiveCfg = Debug|Any CPU
		{7C2A1E5B-3D64-4F98-9A0C-51B7E4D8C620}.Debug|x64.Build.0 = Debug|Any CPU
		{7C2A1E5B-3D64-4F98-9A0C-51B7E4D8C620}.Debug|x86.ActiveCfg = Debug|Any CPU
		{7C2A1E5B-3D64-4F98-9A0C-51B7E4D8C620}.Debug|x86.Build.0 = Debug|Any CPU
		{7C2A1E5B-3D64-4F98-9A0C-51B7E4D8C620}.Release|Any CPU.ActiveCfg = Release|Any CPU
		{7C2A1E5B-3D64-4F98-9A0C-51B7E4D8C620}.Release|Any CPU.Build.0 = Release|Any CPU
		{7C2A1E5B-3D64-4F98-9A0C-51B7E4D8C620}.Release|x64.ActiveCfg = Release|Any CPU
		{7C2A1E5B-3D64-4F98-9A0C-51B7E4D8C620}.Release|x64.Build.0 = Release|Any CPU
		{7C2A1E5B-3D64-4F98-9A0C-51B7E4D8C620}.Release|x86.ActiveCfg = Release|Any CPU
		{7C2A1E5B-3D64-4F98-9A0C-51B7E4D8C620}.Release|x86.Build.0 = Release|Any CPU
	EndGlobalSection
	GlobalSection(SolutionProperties) = preSolution
		HideSolutionNode = FALSE
	EndGlobalSection
	GlobalSection(NestedProjects) = preSolution
		{CC3B88AF-E3D8-4512-B0CE-E2061371B76D} = {827E0CD3-B72D-47B6-A68D-7590B98EB39B}
		{9C11CA23-C760-49F0-8F6A-69EDB4579DAC} = {827E0CD3-B72D-47B6-A68D-7590B98EB39B}
		{8999F4A8-9E0F-43EA-833C-9F5377E1EC9D} = {827E0CD3-B72D-47B6-A68D-7590B98EB39B}
		{B9FFBD1A-F5B8-403D-A663-DD70764026CF} = {827E0CD3-B72D-47B6-A68D-7590B98EB39B}
		{2420A344-97FF-4A9B-A4CC-099FC6CD6BE3} = {0AB3BF05-4346-4AA6-1389-037BE0695223}
		{CA828AAA-C439-4318-AC9B-C1E99709273E} = {0AB3BF05-4346-4AA6-1389-037BE0695223}
		{E9B76D47-A6A7-4DE5-999C-2F46B4C7E3CF} = {827E0CD3-B72D-47B6-A68D-7590B98EB39B}
		{40924494-25B6-4A2A-BEDF-1F5C9BE9FF65} = {0AB3BF05-4346-4AA6-1389-037BE0695223}
		{4FEE7AE4-0F39-4127-BBF7-E6509E409052} = {827E0CD3-B72D-47B6-A68D-7590B98EB39B}
		{7C2A1E5B-3D64-4F98-9A0C-51B7E4D8C620} = {0AB3BF05-4346-4AA6-1389-037BE0695223}
	EndGlobalSection
EndGlobal
